
Microsoft Visual Studio Solution File, Format Version 12.00
# Visual Studio Version 16
VisualStudioVersion = 16.0.30717.126
MinimumVisualStudioVersion = 10.0.40219.1
Project("{FAE04EC0-301F-11D3-BF4B-00C04F79EFBC}") = "Namespaces.Graphics2D", "Namespaces.Graphics2D\Namespaces.Graphics2D.csproj", "{AB0F6065-9EBF-44E6-9514-6A363FB8F78F}"
EndProject
Project("{FAE04EC0-301F-11D3-BF4B-00C04F79EFBC}") = "Namespaces.Graphics3D", "Namespaces.Graphics3D\Namespaces.Graphics3D.csproj", "{A42F06FC-E26F-424D-BB71-6777367CE377}"
EndProject
Project("{FAE04EC0-301F-11D3-BF4B-00C04F79EFBC}") = "Namespaces.Main", "Namespaces.Main\Namespaces.Main.csproj", "{C410F744-E309-4ACA-B649-021967FF0E06}"
EndProject
Global
	GlobalSection(SolutionConfigurationPlatforms) = preSolution
		Debug|Any CPU = Debug|Any CPU
		Release|Any CPU = Release|Any CPU
	EndGlobalSection
	GlobalSection(ProjectConfigurationPlatforms) = postSolution
		{AB0F6065-9EBF-44E6-9514-6A363FB8F78F}.Debug|Any CPU.ActiveCfg = Debug|Any CPU
		{AB0F6065-9EBF-44E6-9514-6A363FB8F78F}.Debug|Any CPU.Build.0 = Debug|Any CPU
		{AB0F6065-9EBF-44E6-9514-6A363FB8F78F}.Release|Any CPU.ActiveCfg = Release|Any CPU
		{AB0F6065-9EBF-44E6-9514-6A363FB8F78F}.Release|Any CPU.Build.0 = Release|Any CPU
		{A42F06FC-E26F-424D-BB71-6777367CE377}.Debug|Any CPU.ActiveCfg = Debug|Any CPU
		{A42F06FC-E26F-424D-BB71-6777367CE377}.Debug|Any CPU.Build.0 = Debug|Any CPU
		{A42F06FC-E26F-424D-BB71-6777367CE377}.Release|Any CPU.ActiveCfg = Release|Any CPU
		{A42F06FC-E26F-424D-BB71-6777367CE377}.Release|Any CPU.Build.0 = Release|Any CPU
		{C410F744-E309-4ACA-B649-021967FF0E06}.Debug|Any CPU.ActiveCfg = Debug|Any CPU
		{C410F744-E309-4ACA-B649-021967FF0E06}.Debug|Any CPU.Build.0 = Debug|Any CPU
		{C410F744-E309-4ACA-B649-021967FF0E06}.Release|Any CPU.ActiveCfg = Release|Any CPU
		{C410F744-E309-4ACA-B649-021967FF0E06}.Release|Any CPU.Build.0 = Release|Any CPU
	EndGlobalSection
	GlobalSection(SolutionProperties) = preSolution
		HideSolutionNode = FALSE
	EndGlobalSection
	GlobalSection(ExtensibilityGlobals) = postSolution
		SolutionGuid = {DBAD8475-E740-4331-BEF3-81AF385C8208}
	EndGlobalSection
EndGlobal
